// !$*UTF8*$!
{
	archiveVersion = 1;
	classes = {
	};
	objectVersion = 50;
	objects = {

/* Begin PBXBuildFile section */
		C70ADC04215ACB2E00226A3E /* week02.cpp in Sources */ = {isa = PBXBuildFile; fileRef = C70ADC03215ACB2E00226A3E /* week02.cpp */; };
		C70ADC0D215ACB7300226A3E /* infix.cpp in Sources */ = {isa = PBXBuildFile; fileRef = C70ADC0B215ACB7300226A3E /* infix.cpp */; };
		C70ADC0F215ACC7200226A3E /* makefile in Sources */ = {isa = PBXBuildFile; fileRef = C70ADC0E215ACC7200226A3E /* makefile */; };
/* End PBXBuildFile section */

/* Begin PBXCopyFilesBuildPhase section */
		C70ADBFE215ACB2D00226A3E /* CopyFiles */ = {
			isa = PBXCopyFilesBuildPhase;
			buildActionMask = 2147483647;
			dstPath = /usr/share/man/man1/;
			dstSubfolderSpec = 0;
			files = (
			);
			runOnlyForDeploymentPostprocessing = 1;
		};
/* End PBXCopyFilesBuildPhase section */

/* Begin PBXFileReference section */
		C70ADC00215ACB2D00226A3E /* assign02 */ = {isa = PBXFileReference; explicitFileType = "compiled.mach-o.executable"; includeInIndex = 0; path = assign02; sourceTree = BUILT_PRODUCTS_DIR; };
		C70ADC03215ACB2E00226A3E /* week02.cpp */ = {isa = PBXFileReference; lastKnownFileType = sourcecode.cpp.cpp; path = week02.cpp; sourceTree = "<group>"; };
		C70ADC0A215ACB6200226A3E /* infix.h */ = {isa = PBXFileReference; lastKnownFileType = sourcecode.c.h; path = infix.h; sourceTree = "<group>"; };
		C70ADC0B215ACB7300226A3E /* infix.cpp */ = {isa = PBXFileReference; lastKnownFileType = sourcecode.cpp.cpp; path = infix.cpp; sourceTree = "<group>"; };
		C70ADC0E215ACC7200226A3E /* makefile */ = {isa = PBXFileReference; lastKnownFileType = sourcecode.make; path = makefile; sourceTree = "<group>"; };
		C70ADC10215ACC9D00226A3E /* stack.h */ = {isa = PBXFileReference; lastKnownFileType = sourcecode.c.h; path = stack.h; sourceTree = "<group>"; };
/* End PBXFileReference section */

/* Begin PBXFrameworksBuildPhase section */
		C70ADBFD215ACB2D00226A3E /* Frameworks */ = {
			isa = PBXFrameworksBuildPhase;
			buildActionMask = 2147483647;
			files = (
			);
			runOnlyForDeploymentPostprocessing = 0;
		};
/* End PBXFrameworksBuildPhase section */

/* Begin PBXGroup section */
		C70ADBF7215ACB2D00226A3E = {
			isa = PBXGroup;
			children = (
				C70ADC02215ACB2D00226A3E /* assign02 */,
				C70ADC01215ACB2D00226A3E /* Products */,
			);
			sourceTree = "<group>";
		};
		C70ADC01215ACB2D00226A3E /* Products */ = {
			isa = PBXGroup;
			children = (
				C70ADC00215ACB2D00226A3E /* assign02 */,
			);
			name = Products;
			sourceTree = "<group>";
		};
		C70ADC02215ACB2D00226A3E /* assign02 */ = {
			isa = PBXGroup;
			children = (
				C70ADC03215ACB2E00226A3E /* week02.cpp */,
				C70ADC0A215ACB6200226A3E /* infix.h */,
				C70ADC0B215ACB7300226A3E /* infix.cpp */,
				C70ADC0E215ACC7200226A3E /* makefile */,
				C70ADC10215ACC9D00226A3E /* stack.h */,
			);
			path = assign02;
			sourceTree = "<group>";
		};
/* End PBXGroup section */

/* Begin PBXNativeTarget section */
		C70ADBFF215ACB2D00226A3E /* assign02 */ = {
			isa = PBXNativeTarget;
			buildConfigurationList = C70ADC07215ACB2E00226A3E /* Build configuration list for PBXNativeTarget "assign02" */;
			buildPhases = (
				C70ADBFC215ACB2D00226A3E /* Sources */,
				C70ADBFD215ACB2D00226A3E /* Frameworks */,
				C70ADBFE215ACB2D00226A3E /* CopyFiles */,
			);
			buildRules = (
			);
			dependencies = (
			);
			name = assign02;
			productName = assign02;
			productReference = C70ADC00215ACB2D00226A3E /* assign02 */;
			productType = "com.apple.product-type.tool";
		};
/* End PBXNativeTarget section */

/* Begin PBXProject section */
		C70ADBF8215ACB2D00226A3E /* Project object */ = {
			isa = PBXProject;
			attributes = {
				LastUpgradeCheck = 1000;
				ORGANIZATIONNAME = "Chad Smith";
				TargetAttributes = {
					C70ADBFF215ACB2D00226A3E = {
						CreatedOnToolsVersion = 10.0;
					};
				};
			};
			buildConfigurationList = C70ADBFB215ACB2D00226A3E /* Build configuration list for PBXProject "assign02" */;
			compatibilityVersion = "Xcode 9.3";
			developmentRegion = en;
			hasScannedForEncodings = 0;
			knownRegions = (
				en,
			);
			mainGroup = C70ADBF7215ACB2D00226A3E;
			productRefGroup = C70ADC01215ACB2D00226A3E /* Products */;
			projectDirPath = "";
			projectRoot = "";
			targets = (
				C70ADBFF215ACB2D00226A3E /* assign02 */,
			);
		};
/* End PBXProject section */

/* Begin PBXSourcesBuildPhase section */
		C70ADBFC215ACB2D00226A3E /* Sources */ = {
			isa = PBXSourcesBuildPhase;
			buildActionMask = 2147483647;
			files = (
				C70ADC0D215ACB7300226A3E /* infix.cpp in Sources */,
				C70ADC04215ACB2E00226A3E /* week02.cpp in Sources */,
				C70ADC0F215ACC7200226A3E /* makefile in Sources */,
			);
			runOnlyForDeploymentPostprocessing = 0;
		};
/* End PBXSourcesBuildPhase section */

/* Begin XCBuildConfiguration section */
		C70ADC05215ACB2E00226A3E /* Debug */ = {
			isa = XCBuildConfiguration;
			buildSettings = {
				ALWAYS_SEARCH_USER_PATHS = NO;
				CLANG_ANALYZER_NONNULL = YES;
				CLANG_ANALYZER_NUMBER_OBJECT_CONVERSION = YES_AGGRESSIVE;
				CLANG_CXX_LANGUAGE_STANDARD = "gnu++14";
				CLANG_CXX_LIBRARY = "libc++";
				CLANG_ENABLE_MODULES = YES;
				CLANG_ENABLE_OBJC_ARC = YES;
				CLANG_ENABLE_OBJC_WEAK = YES;
				CLANG_WARN_BLOCK_CAPTURE_AUTORELEASING = YES;
				CLANG_WARN_BOOL_CONVERSION = YES;
				CLANG_WARN_COMMA = YES;
				CLANG_WARN_CONSTANT_CONVERSION = YES;
				CLANG_WARN_DEPRECATED_OBJC_IMPLEMENTATIONS = YES;
				CLANG_WARN_DIRECT_OBJC_ISA_USAGE = YES_ERROR;
				CLANG_WARN_DOCUMENTATION_COMMENTS = YES;
				CLANG_WARN_EMPTY_BODY = YES;
				CLANG_WARN_ENUM_CONVERSION = YES;
				CLANG_WARN_INFINITE_RECURSION = YES;
				CLANG_WARN_INT_CONVERSION = YES;
				CLANG_WARN_NON_LITERAL_NULL_CONVERSION = YES;
				CLANG_WARN_OBJC_IMPLICIT_RETAIN_SELF = YES;
				CLANG_WARN_OBJC_LITERAL_CONVERSION = YES;
				CLANG_WARN_OBJC_ROOT_CLASS = YES_ERROR;
				CLANG_WARN_RANGE_LOOP_ANALYSIS = YES;
				CLANG_WARN_STRICT_PROTOTYPES = YES;
				CLANG_WARN_SUSPICIOUS_MOVE = YES;
				CLANG_WARN_UNGUARDED_AVAILABILITY = YES_AGGRESSIVE;
				CLANG_WARN_UNREACHABLE_CODE = YES;
				CLANG_WARN__DUPLICATE_METHOD_MATCH = YES;
				CODE_SIGN_IDENTITY = "-";
				COPY_PHASE_STRIP = NO;
				DEBUG_INFORMATION_FORMAT = dwarf;
				ENABLE_STRICT_OBJC_MSGSEND = YES;
				ENABLE_TESTABILITY = YES;
				GCC_C_LANGUAGE_STANDARD = gnu11;
				GCC_DYNAMIC_NO_PIC = NO;
				GCC_NO_COMMON_BLOCKS = YES;
				GCC_OPTIMIZATION_LEVEL = 0;
				GCC_PREPROCESSOR_DEFINITIONS = (
					"DEBUG=1",
					"$(inherited)",
				);
				GCC_WARN_64_TO_32_BIT_CONVERSION = YES;
				GCC_WARN_ABOUT_RETURN_TYPE = YES_ERROR;
				GCC_WARN_UNDECLARED_SELECTOR = YES;
				GCC_WARN_UNINITIALIZED_AUTOS = YES_AGGRESSIVE;
				GCC_WARN_UNUSED_FUNCTION = YES;
				GCC_WARN_UNUSED_VARIABLE = YES;
				MACOSX_DEPLOYMENT_TARGET = 10.14;
				MTL_ENABLE_DEBUG_INFO = INCLUDE_SOURCE;
				MTL_FAST_MATH = YES;
				ONLY_ACTIVE_ARCH = YES;
				SDKROOT = macosx;
			};
			name = Debug;
		};
		C70ADC06215ACB2E00226A3E /* Release */ = {
			isa = XCBuildConfiguration;
			buildSettings = {
				ALWAYS_SEARCH_USER_PATHS = NO;
				CLANG_ANALYZER_NONNULL = YES;
				CLANG_ANALYZER_NUMBER_OBJECT_CONVERSION = YES_AGGRESSIVE;
				CLANG_CXX_LANGUAGE_STANDARD = "gnu++14";
				CLANG_CXX_LIBRARY = "libc++";
				CLANG_ENABLE_MODULES = YES;
				CLANG_ENABLE_OBJC_ARC = YES;
				CLANG_ENABLE_OBJC_WEAK = YES;
				CLANG_WARN_BLOCK_CAPTURE_AUTORELEASING = YES;
				CLANG_WARN_BOOL_CONVERSION = YES;
				CLANG_WARN_COMMA = YES;
				CLANG_WARN_CONSTANT_CONVERSION = YES;
				CLANG_WARN_DEPRECATED_OBJC_IMPLEMENTATIONS = YES;
				CLANG_WARN_DIRECT_OBJC_ISA_USAGE = YES_ERROR;
				CLANG_WARN_DOCUMENTATION_COMMENTS = YES;
				CLANG_WARN_EMPTY_BODY = YES;
				CLANG_WARN_ENUM_CONVERSION = YES;
				CLANG_WARN_INFINITE_RECURSION = YES;
				CLANG_WARN_INT_CONVERSION = YES;
				CLANG_WARN_NON_LITERAL_NULL_CONVERSION = YES;
				CLANG_WARN_OBJC_IMPLICIT_RETAIN_SELF = YES;
				CLANG_WARN_OBJC_LITERAL_CONVERSION = YES;
				CLANG_WARN_OBJC_ROOT_CLASS = YES_ERROR;
				CLANG_WARN_RANGE_LOOP_ANALYSIS = YES;
				CLANG_WARN_STRICT_PROTOTYPES = YES;
				CLANG_WARN_SUSPICIOUS_MOVE = YES;
				CLANG_WARN_UNGUARDED_AVAILABILITY = YES_AGGRESSIVE;
				CLANG_WARN_UNREACHABLE_CODE = YES;
				CLANG_WARN__DUPLICATE_METHOD_MATCH = YES;
				CODE_SIGN_IDENTITY = "-";
				COPY_PHASE_STRIP = NO;
				DEBUG_INFORMATION_FORMAT = "dwarf-with-dsym";
				ENABLE_NS_ASSERTIONS = NO;
				ENABLE_STRICT_OBJC_MSGSEND = YES;
				GCC_C_LANGUAGE_STANDARD = gnu11;
				GCC_NO_COMMON_BLOCKS = YES;
				GCC_WARN_64_TO_32_BIT_CONVERSION = YES;
				GCC_WARN_ABOUT_RETURN_TYPE = YES_ERROR;
				GCC_WARN_UNDECLARED_SELECTOR = YES;
				GCC_WARN_UNINITIALIZED_AUTOS = YES_AGGRESSIVE;
				GCC_WARN_UNUSED_FUNCTION = YES;
				GCC_WARN_UNUSED_VARIABLE = YES;
				MACOSX_DEPLOYMENT_TARGET = 10.14;
				MTL_ENABLE_DEBUG_INFO = NO;
				MTL_FAST_MATH = YES;
				SDKROOT = macosx;
			};
			name = Release;
		};
		C70ADC08215ACB2E00226A3E /* Debug */ = {
			isa = XCBuildConfiguration;
			buildSettings = {
				CODE_SIGN_STYLE = Automatic;
				PRODUCT_NAME = "$(TARGET_NAME)";
			};
			name = Debug;
		};
		C70ADC09215ACB2E00226A3E /* Release */ = {
			isa = XCBuildConfiguration;
			buildSettings = {
				CODE_SIGN_STYLE = Automatic;
				PRODUCT_NAME = "$(TARGET_NAME)";
			};
			name = Release;
		};
/* End XCBuildConfiguration section */

/* Begin XCConfigurationList section */
		C70ADBFB215ACB2D00226A3E /* Build configuration list for PBXProject "assign02" */ = {
			isa = XCConfigurationList;
			buildConfigurations = (
				C70ADC05215ACB2E00226A3E /* Debug */,
				C70ADC06215ACB2E00226A3E /* Release */,
			);
			defaultConfigurationIsVisible = 0;
			defaultConfigurationName = Release;
		};
		C70ADC07215ACB2E00226A3E /* Build configuration list for PBXNativeTarget "assign02" */ = {
			isa = XCConfigurationList;
			buildConfigurations = (
				C70ADC08215ACB2E00226A3E /* Debug */,
				C70ADC09215ACB2E00226A3E /* Release */,
			);
			defaultConfigurationIsVisible = 0;
			defaultConfigurationName = Release;
		};
/* End XCConfigurationList section */
	};
	rootObject = C70ADBF8215ACB2D00226A3E /* Project object */;
}
