// !$*UTF8*$!
{
	archiveVersion = 1;
	classes = {
	};
	objectVersion = 50;
	objects = {

/* Begin PBXBuildFile section */
		C71D0F2D21AA914A001EC142 /* makefile in Sources */ = {isa = PBXBuildFile; fileRef = C71D0F2C21AA914A001EC142 /* makefile */; };
		C71D0F3021AA9196001EC142 /* week10.cpp in Sources */ = {isa = PBXBuildFile; fileRef = C71D0F2E21AA9196001EC142 /* week10.cpp */; };
/* End PBXBuildFile section */

/* Begin PBXCopyFilesBuildPhase section */
		C71D0F1A21AA9100001EC142 /* CopyFiles */ = {
			isa = PBXCopyFilesBuildPhase;
			buildActionMask = 2147483647;
			dstPath = /usr/share/man/man1/;
			dstSubfolderSpec = 0;
			files = (
			);
			runOnlyForDeploymentPostprocessing = 1;
		};
/* End PBXCopyFilesBuildPhase section */

/* Begin PBXFileReference section */
		C71D0F1C21AA9100001EC142 /* assign10 */ = {isa = PBXFileReference; explicitFileType = "compiled.mach-o.executable"; includeInIndex = 0; path = assign10; sourceTree = BUILT_PRODUCTS_DIR; };
		C71D0F2621AA9112001EC142 /* fruit.txt */ = {isa = PBXFileReference; lastKnownFileType = text; path = fruit.txt; sourceTree = "<group>"; };
		C71D0F2721AA9113001EC142 /* fruit.out */ = {isa = PBXFileReference; lastKnownFileType = text; path = fruit.out; sourceTree = "<group>"; };
		C71D0F2821AA9113001EC142 /* bom.out */ = {isa = PBXFileReference; lastKnownFileType = text; path = bom.out; sourceTree = "<group>"; };
		C71D0F2921AA9113001EC142 /* D_C_121.out */ = {isa = PBXFileReference; lastKnownFileType = text; path = D_C_121.out; sourceTree = "<group>"; };
		C71D0F2A21AA9113001EC142 /* D_C_121.txt */ = {isa = PBXFileReference; lastKnownFileType = text; path = D_C_121.txt; sourceTree = "<group>"; };
		C71D0F2B21AA9113001EC142 /* bom.txt */ = {isa = PBXFileReference; lastKnownFileType = text; path = bom.txt; sourceTree = "<group>"; };
		C71D0F2C21AA914A001EC142 /* makefile */ = {isa = PBXFileReference; lastKnownFileType = sourcecode.make; path = makefile; sourceTree = "<group>"; };
		C71D0F2E21AA9196001EC142 /* week10.cpp */ = {isa = PBXFileReference; lastKnownFileType = sourcecode.cpp.cpp; path = week10.cpp; sourceTree = "<group>"; };
		C71D0F3121AA91C9001EC142 /* pair.h */ = {isa = PBXFileReference; lastKnownFileType = sourcecode.c.h; path = pair.h; sourceTree = "<group>"; };
		C71D0F3221ACF398001EC142 /* blamegame.txt */ = {isa = PBXFileReference; lastKnownFileType = text; path = blamegame.txt; sourceTree = "<group>"; };
		C71D0F3321ACF508001EC142 /* wolfofwallstreet.txt */ = {isa = PBXFileReference; lastKnownFileType = text; path = wolfofwallstreet.txt; sourceTree = "<group>"; };
/* End PBXFileReference section */

/* Begin PBXFrameworksBuildPhase section */
		C71D0F1921AA9100001EC142 /* Frameworks */ = {
			isa = PBXFrameworksBuildPhase;
			buildActionMask = 2147483647;
			files = (
			);
			runOnlyForDeploymentPostprocessing = 0;
		};
/* End PBXFrameworksBuildPhase section */

/* Begin PBXGroup section */
		C71D0F1321AA90FF001EC142 = {
			isa = PBXGroup;
			children = (
				C71D0F1E21AA9100001EC142 /* assign10 */,
				C71D0F1D21AA9100001EC142 /* Products */,
			);
			sourceTree = "<group>";
		};
		C71D0F1D21AA9100001EC142 /* Products */ = {
			isa = PBXGroup;
			children = (
				C71D0F1C21AA9100001EC142 /* assign10 */,
			);
			name = Products;
			sourceTree = "<group>";
		};
		C71D0F1E21AA9100001EC142 /* assign10 */ = {
			isa = PBXGroup;
			children = (
				C71D0F2821AA9113001EC142 /* bom.out */,
				C71D0F2B21AA9113001EC142 /* bom.txt */,
				C71D0F2921AA9113001EC142 /* D_C_121.out */,
				C71D0F2A21AA9113001EC142 /* D_C_121.txt */,
				C71D0F2721AA9113001EC142 /* fruit.out */,
				C71D0F2621AA9112001EC142 /* fruit.txt */,
				C71D0F2C21AA914A001EC142 /* makefile */,
				C71D0F2E21AA9196001EC142 /* week10.cpp */,
				C71D0F3121AA91C9001EC142 /* pair.h */,
				C71D0F3221ACF398001EC142 /* blamegame.txt */,
				C71D0F3321ACF508001EC142 /* wolfofwallstreet.txt */,
			);
			path = assign10;
			sourceTree = "<group>";
		};
/* End PBXGroup section */

/* Begin PBXNativeTarget section */
		C71D0F1B21AA9100001EC142 /* assign10 */ = {
			isa = PBXNativeTarget;
			buildConfigurationList = C71D0F2321AA9100001EC142 /* Build configuration list for PBXNativeTarget "assign10" */;
			buildPhases = (
				C71D0F1821AA9100001EC142 /* Sources */,
				C71D0F1921AA9100001EC142 /* Frameworks */,
				C71D0F1A21AA9100001EC142 /* CopyFiles */,
			);
			buildRules = (
			);
			dependencies = (
			);
			name = assign10;
			productName = assign10;
			productReference = C71D0F1C21AA9100001EC142 /* assign10 */;
			productType = "com.apple.product-type.tool";
		};
/* End PBXNativeTarget section */

/* Begin PBXProject section */
		C71D0F1421AA90FF001EC142 /* Project object */ = {
			isa = PBXProject;
			attributes = {
				LastUpgradeCheck = 1010;
				ORGANIZATIONNAME = "Chad Smith";
				TargetAttributes = {
					C71D0F1B21AA9100001EC142 = {
						CreatedOnToolsVersion = 10.1;
					};
				};
			};
			buildConfigurationList = C71D0F1721AA90FF001EC142 /* Build configuration list for PBXProject "assign10" */;
			compatibilityVersion = "Xcode 9.3";
			developmentRegion = en;
			hasScannedForEncodings = 0;
			knownRegions = (
				en,
			);
			mainGroup = C71D0F1321AA90FF001EC142;
			productRefGroup = C71D0F1D21AA9100001EC142 /* Products */;
			projectDirPath = "";
			projectRoot = "";
			targets = (
				C71D0F1B21AA9100001EC142 /* assign10 */,
			);
		};
/* End PBXProject section */

/* Begin PBXSourcesBuildPhase section */
		C71D0F1821AA9100001EC142 /* Sources */ = {
			isa = PBXSourcesBuildPhase;
			buildActionMask = 2147483647;
			files = (
				C71D0F3021AA9196001EC142 /* week10.cpp in Sources */,
				C71D0F2D21AA914A001EC142 /* makefile in Sources */,
			);
			runOnlyForDeploymentPostprocessing = 0;
		};
/* End PBXSourcesBuildPhase section */

/* Begin XCBuildConfiguration section */
		C71D0F2121AA9100001EC142 /* Debug */ = {
			isa = XCBuildConfiguration;
			buildSettings = {
				ALWAYS_SEARCH_USER_PATHS = NO;
				CLANG_ANALYZER_NONNULL = YES;
				CLANG_ANALYZER_NUMBER_OBJECT_CONVERSION = YES_AGGRESSIVE;
				CLANG_CXX_LANGUAGE_STANDARD = "gnu++14";
				CLANG_CXX_LIBRARY = "libc++";
				CLANG_ENABLE_MODULES = YES;
				CLANG_ENABLE_OBJC_ARC = YES;
				CLANG_ENABLE_OBJC_WEAK = YES;
				CLANG_WARN_BLOCK_CAPTURE_AUTORELEASING = YES;
				CLANG_WARN_BOOL_CONVERSION = YES;
				CLANG_WARN_COMMA = YES;
				CLANG_WARN_CONSTANT_CONVERSION = YES;
				CLANG_WARN_DEPRECATED_OBJC_IMPLEMENTATIONS = YES;
				CLANG_WARN_DIRECT_OBJC_ISA_USAGE = YES_ERROR;
				CLANG_WARN_DOCUMENTATION_COMMENTS = YES;
				CLANG_WARN_EMPTY_BODY = YES;
				CLANG_WARN_ENUM_CONVERSION = YES;
				CLANG_WARN_INFINITE_RECURSION = YES;
				CLANG_WARN_INT_CONVERSION = YES;
				CLANG_WARN_NON_LITERAL_NULL_CONVERSION = YES;
				CLANG_WARN_OBJC_IMPLICIT_RETAIN_SELF = YES;
				CLANG_WARN_OBJC_LITERAL_CONVERSION = YES;
				CLANG_WARN_OBJC_ROOT_CLASS = YES_ERROR;
				CLANG_WARN_RANGE_LOOP_ANALYSIS = YES;
				CLANG_WARN_STRICT_PROTOTYPES = YES;
				CLANG_WARN_SUSPICIOUS_MOVE = YES;
				CLANG_WARN_UNGUARDED_AVAILABILITY = YES_AGGRESSIVE;
				CLANG_WARN_UNREACHABLE_CODE = YES;
				CLANG_WARN__DUPLICATE_METHOD_MATCH = YES;
				CODE_SIGN_IDENTITY = "-";
				COPY_PHASE_STRIP = NO;
				DEBUG_INFORMATION_FORMAT = dwarf;
				ENABLE_STRICT_OBJC_MSGSEND = YES;
				ENABLE_TESTABILITY = YES;
				GCC_C_LANGUAGE_STANDARD = gnu11;
				GCC_DYNAMIC_NO_PIC = NO;
				GCC_NO_COMMON_BLOCKS = YES;
				GCC_OPTIMIZATION_LEVEL = 0;
				GCC_PREPROCESSOR_DEFINITIONS = (
					"DEBUG=1",
					"$(inherited)",
				);
				GCC_WARN_64_TO_32_BIT_CONVERSION = YES;
				GCC_WARN_ABOUT_RETURN_TYPE = YES_ERROR;
				GCC_WARN_UNDECLARED_SELECTOR = YES;
				GCC_WARN_UNINITIALIZED_AUTOS = YES_AGGRESSIVE;
				GCC_WARN_UNUSED_FUNCTION = YES;
				GCC_WARN_UNUSED_VARIABLE = YES;
				MACOSX_DEPLOYMENT_TARGET = 10.14;
				MTL_ENABLE_DEBUG_INFO = INCLUDE_SOURCE;
				MTL_FAST_MATH = YES;
				ONLY_ACTIVE_ARCH = YES;
				SDKROOT = macosx;
			};
			name = Debug;
		};
		C71D0F2221AA9100001EC142 /* Release */ = {
			isa = XCBuildConfiguration;
			buildSettings = {
				ALWAYS_SEARCH_USER_PATHS = NO;
				CLANG_ANALYZER_NONNULL = YES;
				CLANG_ANALYZER_NUMBER_OBJECT_CONVERSION = YES_AGGRESSIVE;
				CLANG_CXX_LANGUAGE_STANDARD = "gnu++14";
				CLANG_CXX_LIBRARY = "libc++";
				CLANG_ENABLE_MODULES = YES;
				CLANG_ENABLE_OBJC_ARC = YES;
				CLANG_ENABLE_OBJC_WEAK = YES;
				CLANG_WARN_BLOCK_CAPTURE_AUTORELEASING = YES;
				CLANG_WARN_BOOL_CONVERSION = YES;
				CLANG_WARN_COMMA = YES;
				CLANG_WARN_CONSTANT_CONVERSION = YES;
				CLANG_WARN_DEPRECATED_OBJC_IMPLEMENTATIONS = YES;
				CLANG_WARN_DIRECT_OBJC_ISA_USAGE = YES_ERROR;
				CLANG_WARN_DOCUMENTATION_COMMENTS = YES;
				CLANG_WARN_EMPTY_BODY = YES;
				CLANG_WARN_ENUM_CONVERSION = YES;
				CLANG_WARN_INFINITE_RECURSION = YES;
				CLANG_WARN_INT_CONVERSION = YES;
				CLANG_WARN_NON_LITERAL_NULL_CONVERSION = YES;
				CLANG_WARN_OBJC_IMPLICIT_RETAIN_SELF = YES;
				CLANG_WARN_OBJC_LITERAL_CONVERSION = YES;
				CLANG_WARN_OBJC_ROOT_CLASS = YES_ERROR;
				CLANG_WARN_RANGE_LOOP_ANALYSIS = YES;
				CLANG_WARN_STRICT_PROTOTYPES = YES;
				CLANG_WARN_SUSPICIOUS_MOVE = YES;
				CLANG_WARN_UNGUARDED_AVAILABILITY = YES_AGGRESSIVE;
				CLANG_WARN_UNREACHABLE_CODE = YES;
				CLANG_WARN__DUPLICATE_METHOD_MATCH = YES;
				CODE_SIGN_IDENTITY = "-";
				COPY_PHASE_STRIP = NO;
				DEBUG_INFORMATION_FORMAT = "dwarf-with-dsym";
				ENABLE_NS_ASSERTIONS = NO;
				ENABLE_STRICT_OBJC_MSGSEND = YES;
				GCC_C_LANGUAGE_STANDARD = gnu11;
				GCC_NO_COMMON_BLOCKS = YES;
				GCC_WARN_64_TO_32_BIT_CONVERSION = YES;
				GCC_WARN_ABOUT_RETURN_TYPE = YES_ERROR;
				GCC_WARN_UNDECLARED_SELECTOR = YES;
				GCC_WARN_UNINITIALIZED_AUTOS = YES_AGGRESSIVE;
				GCC_WARN_UNUSED_FUNCTION = YES;
				GCC_WARN_UNUSED_VARIABLE = YES;
				MACOSX_DEPLOYMENT_TARGET = 10.14;
				MTL_ENABLE_DEBUG_INFO = NO;
				MTL_FAST_MATH = YES;
				SDKROOT = macosx;
			};
			name = Release;
		};
		C71D0F2421AA9100001EC142 /* Debug */ = {
			isa = XCBuildConfiguration;
			buildSettings = {
				CODE_SIGN_STYLE = Automatic;
				PRODUCT_NAME = "$(TARGET_NAME)";
			};
			name = Debug;
		};
		C71D0F2521AA9100001EC142 /* Release */ = {
			isa = XCBuildConfiguration;
			buildSettings = {
				CODE_SIGN_STYLE = Automatic;
				PRODUCT_NAME = "$(TARGET_NAME)";
			};
			name = Release;
		};
/* End XCBuildConfiguration section */

/* Begin XCConfigurationList section */
		C71D0F1721AA90FF001EC142 /* Build configuration list for PBXProject "assign10" */ = {
			isa = XCConfigurationList;
			buildConfigurations = (
				C71D0F2121AA9100001EC142 /* Debug */,
				C71D0F2221AA9100001EC142 /* Release */,
			);
			defaultConfigurationIsVisible = 0;
			defaultConfigurationName = Release;
		};
		C71D0F2321AA9100001EC142 /* Build configuration list for PBXNativeTarget "assign10" */ = {
			isa = XCConfigurationList;
			buildConfigurations = (
				C71D0F2421AA9100001EC142 /* Debug */,
				C71D0F2521AA9100001EC142 /* Release */,
			);
			defaultConfigurationIsVisible = 0;
			defaultConfigurationName = Release;
		};
/* End XCConfigurationList section */
	};
	rootObject = C71D0F1421AA90FF001EC142 /* Project object */;
}
