// !$*UTF8*$!
{
	archiveVersion = 1;
	classes = {
	};
	objectVersion = 50;
	objects = {

/* Begin PBXBuildFile section */
		C7B7E30321B61ED9004F5D0D /* week11.cpp in Sources */ = {isa = PBXBuildFile; fileRef = C7B7E2FD21B61ED9004F5D0D /* week11.cpp */; };
		C7B7E30421B61ED9004F5D0D /* makefile in Sources */ = {isa = PBXBuildFile; fileRef = C7B7E2FF21B61ED9004F5D0D /* makefile */; };
/* End PBXBuildFile section */

/* Begin PBXCopyFilesBuildPhase section */
		C7B7E2EF21B61EC8004F5D0D /* CopyFiles */ = {
			isa = PBXCopyFilesBuildPhase;
			buildActionMask = 2147483647;
			dstPath = /usr/share/man/man1/;
			dstSubfolderSpec = 0;
			files = (
			);
			runOnlyForDeploymentPostprocessing = 1;
		};
/* End PBXCopyFilesBuildPhase section */

/* Begin PBXFileReference section */
		C7B7E2F121B61EC8004F5D0D /* assign11 */ = {isa = PBXFileReference; explicitFileType = "compiled.mach-o.executable"; includeInIndex = 0; path = assign11; sourceTree = BUILT_PRODUCTS_DIR; };
		C7B7E2FB21B61ED9004F5D0D /* week11_test1.out */ = {isa = PBXFileReference; fileEncoding = 4; lastKnownFileType = text; path = week11_test1.out; sourceTree = "<group>"; };
		C7B7E2FC21B61ED9004F5D0D /* week11_test2.in */ = {isa = PBXFileReference; fileEncoding = 4; lastKnownFileType = text; path = week11_test2.in; sourceTree = "<group>"; };
		C7B7E2FD21B61ED9004F5D0D /* week11.cpp */ = {isa = PBXFileReference; fileEncoding = 4; lastKnownFileType = sourcecode.cpp.cpp; path = week11.cpp; sourceTree = "<group>"; };
		C7B7E2FE21B61ED9004F5D0D /* heap.h */ = {isa = PBXFileReference; fileEncoding = 4; lastKnownFileType = sourcecode.c.h; path = heap.h; sourceTree = "<group>"; };
		C7B7E2FF21B61ED9004F5D0D /* makefile */ = {isa = PBXFileReference; fileEncoding = 4; lastKnownFileType = sourcecode.make; path = makefile; sourceTree = "<group>"; };
		C7B7E30021B61ED9004F5D0D /* week11_test1.in */ = {isa = PBXFileReference; fileEncoding = 4; lastKnownFileType = text; path = week11_test1.in; sourceTree = "<group>"; };
		C7B7E30121B61ED9004F5D0D /* week11_test2.out */ = {isa = PBXFileReference; fileEncoding = 4; lastKnownFileType = text; path = week11_test2.out; sourceTree = "<group>"; };
		C7B7E30221B61ED9004F5D0D /* merge.h */ = {isa = PBXFileReference; fileEncoding = 4; lastKnownFileType = sourcecode.c.h; path = merge.h; sourceTree = "<group>"; };
/* End PBXFileReference section */

/* Begin PBXFrameworksBuildPhase section */
		C7B7E2EE21B61EC8004F5D0D /* Frameworks */ = {
			isa = PBXFrameworksBuildPhase;
			buildActionMask = 2147483647;
			files = (
			);
			runOnlyForDeploymentPostprocessing = 0;
		};
/* End PBXFrameworksBuildPhase section */

/* Begin PBXGroup section */
		C7B7E2E821B61EC8004F5D0D = {
			isa = PBXGroup;
			children = (
				C7B7E2F321B61EC8004F5D0D /* assign11 */,
				C7B7E2F221B61EC8004F5D0D /* Products */,
			);
			sourceTree = "<group>";
		};
		C7B7E2F221B61EC8004F5D0D /* Products */ = {
			isa = PBXGroup;
			children = (
				C7B7E2F121B61EC8004F5D0D /* assign11 */,
			);
			name = Products;
			sourceTree = "<group>";
		};
		C7B7E2F321B61EC8004F5D0D /* assign11 */ = {
			isa = PBXGroup;
			children = (
				C7B7E2FE21B61ED9004F5D0D /* heap.h */,
				C7B7E2FF21B61ED9004F5D0D /* makefile */,
				C7B7E30221B61ED9004F5D0D /* merge.h */,
				C7B7E30021B61ED9004F5D0D /* week11_test1.in */,
				C7B7E2FB21B61ED9004F5D0D /* week11_test1.out */,
				C7B7E2FC21B61ED9004F5D0D /* week11_test2.in */,
				C7B7E30121B61ED9004F5D0D /* week11_test2.out */,
				C7B7E2FD21B61ED9004F5D0D /* week11.cpp */,
			);
			path = assign11;
			sourceTree = "<group>";
		};
/* End PBXGroup section */

/* Begin PBXNativeTarget section */
		C7B7E2F021B61EC8004F5D0D /* assign11 */ = {
			isa = PBXNativeTarget;
			buildConfigurationList = C7B7E2F821B61EC8004F5D0D /* Build configuration list for PBXNativeTarget "assign11" */;
			buildPhases = (
				C7B7E2ED21B61EC8004F5D0D /* Sources */,
				C7B7E2EE21B61EC8004F5D0D /* Frameworks */,
				C7B7E2EF21B61EC8004F5D0D /* CopyFiles */,
			);
			buildRules = (
			);
			dependencies = (
			);
			name = assign11;
			productName = assign11;
			productReference = C7B7E2F121B61EC8004F5D0D /* assign11 */;
			productType = "com.apple.product-type.tool";
		};
/* End PBXNativeTarget section */

/* Begin PBXProject section */
		C7B7E2E921B61EC8004F5D0D /* Project object */ = {
			isa = PBXProject;
			attributes = {
				LastUpgradeCheck = 1010;
				ORGANIZATIONNAME = "Chad Smith";
				TargetAttributes = {
					C7B7E2F021B61EC8004F5D0D = {
						CreatedOnToolsVersion = 10.1;
					};
				};
			};
			buildConfigurationList = C7B7E2EC21B61EC8004F5D0D /* Build configuration list for PBXProject "assign11" */;
			compatibilityVersion = "Xcode 9.3";
			developmentRegion = en;
			hasScannedForEncodings = 0;
			knownRegions = (
				en,
			);
			mainGroup = C7B7E2E821B61EC8004F5D0D;
			productRefGroup = C7B7E2F221B61EC8004F5D0D /* Products */;
			projectDirPath = "";
			projectRoot = "";
			targets = (
				C7B7E2F021B61EC8004F5D0D /* assign11 */,
			);
		};
/* End PBXProject section */

/* Begin PBXSourcesBuildPhase section */
		C7B7E2ED21B61EC8004F5D0D /* Sources */ = {
			isa = PBXSourcesBuildPhase;
			buildActionMask = 2147483647;
			files = (
				C7B7E30321B61ED9004F5D0D /* week11.cpp in Sources */,
				C7B7E30421B61ED9004F5D0D /* makefile in Sources */,
			);
			runOnlyForDeploymentPostprocessing = 0;
		};
/* End PBXSourcesBuildPhase section */

/* Begin XCBuildConfiguration section */
		C7B7E2F621B61EC8004F5D0D /* Debug */ = {
			isa = XCBuildConfiguration;
			buildSettings = {
				ALWAYS_SEARCH_USER_PATHS = NO;
				CLANG_ANALYZER_NONNULL = YES;
				CLANG_ANALYZER_NUMBER_OBJECT_CONVERSION = YES_AGGRESSIVE;
				CLANG_CXX_LANGUAGE_STANDARD = "gnu++14";
				CLANG_CXX_LIBRARY = "libc++";
				CLANG_ENABLE_MODULES = YES;
				CLANG_ENABLE_OBJC_ARC = YES;
				CLANG_ENABLE_OBJC_WEAK = YES;
				CLANG_WARN_BLOCK_CAPTURE_AUTORELEASING = YES;
				CLANG_WARN_BOOL_CONVERSION = YES;
				CLANG_WARN_COMMA = YES;
				CLANG_WARN_CONSTANT_CONVERSION = YES;
				CLANG_WARN_DEPRECATED_OBJC_IMPLEMENTATIONS = YES;
				CLANG_WARN_DIRECT_OBJC_ISA_USAGE = YES_ERROR;
				CLANG_WARN_DOCUMENTATION_COMMENTS = YES;
				CLANG_WARN_EMPTY_BODY = YES;
				CLANG_WARN_ENUM_CONVERSION = YES;
				CLANG_WARN_INFINITE_RECURSION = YES;
				CLANG_WARN_INT_CONVERSION = YES;
				CLANG_WARN_NON_LITERAL_NULL_CONVERSION = YES;
				CLANG_WARN_OBJC_IMPLICIT_RETAIN_SELF = YES;
				CLANG_WARN_OBJC_LITERAL_CONVERSION = YES;
				CLANG_WARN_OBJC_ROOT_CLASS = YES_ERROR;
				CLANG_WARN_RANGE_LOOP_ANALYSIS = YES;
				CLANG_WARN_STRICT_PROTOTYPES = YES;
				CLANG_WARN_SUSPICIOUS_MOVE = YES;
				CLANG_WARN_UNGUARDED_AVAILABILITY = YES_AGGRESSIVE;
				CLANG_WARN_UNREACHABLE_CODE = YES;
				CLANG_WARN__DUPLICATE_METHOD_MATCH = YES;
				CODE_SIGN_IDENTITY = "-";
				COPY_PHASE_STRIP = NO;
				DEBUG_INFORMATION_FORMAT = dwarf;
				ENABLE_STRICT_OBJC_MSGSEND = YES;
				ENABLE_TESTABILITY = YES;
				GCC_C_LANGUAGE_STANDARD = gnu11;
				GCC_DYNAMIC_NO_PIC = NO;
				GCC_NO_COMMON_BLOCKS = YES;
				GCC_OPTIMIZATION_LEVEL = 0;
				GCC_PREPROCESSOR_DEFINITIONS = (
					"DEBUG=1",
					"$(inherited)",
				);
				GCC_WARN_64_TO_32_BIT_CONVERSION = YES;
				GCC_WARN_ABOUT_RETURN_TYPE = YES_ERROR;
				GCC_WARN_UNDECLARED_SELECTOR = YES;
				GCC_WARN_UNINITIALIZED_AUTOS = YES_AGGRESSIVE;
				GCC_WARN_UNUSED_FUNCTION = YES;
				GCC_WARN_UNUSED_VARIABLE = YES;
				MACOSX_DEPLOYMENT_TARGET = 10.14;
				MTL_ENABLE_DEBUG_INFO = INCLUDE_SOURCE;
				MTL_FAST_MATH = YES;
				ONLY_ACTIVE_ARCH = YES;
				SDKROOT = macosx;
			};
			name = Debug;
		};
		C7B7E2F721B61EC8004F5D0D /* Release */ = {
			isa = XCBuildConfiguration;
			buildSettings = {
				ALWAYS_SEARCH_USER_PATHS = NO;
				CLANG_ANALYZER_NONNULL = YES;
				CLANG_ANALYZER_NUMBER_OBJECT_CONVERSION = YES_AGGRESSIVE;
				CLANG_CXX_LANGUAGE_STANDARD = "gnu++14";
				CLANG_CXX_LIBRARY = "libc++";
				CLANG_ENABLE_MODULES = YES;
				CLANG_ENABLE_OBJC_ARC = YES;
				CLANG_ENABLE_OBJC_WEAK = YES;
				CLANG_WARN_BLOCK_CAPTURE_AUTORELEASING = YES;
				CLANG_WARN_BOOL_CONVERSION = YES;
				CLANG_WARN_COMMA = YES;
				CLANG_WARN_CONSTANT_CONVERSION = YES;
				CLANG_WARN_DEPRECATED_OBJC_IMPLEMENTATIONS = YES;
				CLANG_WARN_DIRECT_OBJC_ISA_USAGE = YES_ERROR;
				CLANG_WARN_DOCUMENTATION_COMMENTS = YES;
				CLANG_WARN_EMPTY_BODY = YES;
				CLANG_WARN_ENUM_CONVERSION = YES;
				CLANG_WARN_INFINITE_RECURSION = YES;
				CLANG_WARN_INT_CONVERSION = YES;
				CLANG_WARN_NON_LITERAL_NULL_CONVERSION = YES;
				CLANG_WARN_OBJC_IMPLICIT_RETAIN_SELF = YES;
				CLANG_WARN_OBJC_LITERAL_CONVERSION = YES;
				CLANG_WARN_OBJC_ROOT_CLASS = YES_ERROR;
				CLANG_WARN_RANGE_LOOP_ANALYSIS = YES;
				CLANG_WARN_STRICT_PROTOTYPES = YES;
				CLANG_WARN_SUSPICIOUS_MOVE = YES;
				CLANG_WARN_UNGUARDED_AVAILABILITY = YES_AGGRESSIVE;
				CLANG_WARN_UNREACHABLE_CODE = YES;
				CLANG_WARN__DUPLICATE_METHOD_MATCH = YES;
				CODE_SIGN_IDENTITY = "-";
				COPY_PHASE_STRIP = NO;
				DEBUG_INFORMATION_FORMAT = "dwarf-with-dsym";
				ENABLE_NS_ASSERTIONS = NO;
				ENABLE_STRICT_OBJC_MSGSEND = YES;
				GCC_C_LANGUAGE_STANDARD = gnu11;
				GCC_NO_COMMON_BLOCKS = YES;
				GCC_WARN_64_TO_32_BIT_CONVERSION = YES;
				GCC_WARN_ABOUT_RETURN_TYPE = YES_ERROR;
				GCC_WARN_UNDECLARED_SELECTOR = YES;
				GCC_WARN_UNINITIALIZED_AUTOS = YES_AGGRESSIVE;
				GCC_WARN_UNUSED_FUNCTION = YES;
				GCC_WARN_UNUSED_VARIABLE = YES;
				MACOSX_DEPLOYMENT_TARGET = 10.14;
				MTL_ENABLE_DEBUG_INFO = NO;
				MTL_FAST_MATH = YES;
				SDKROOT = macosx;
			};
			name = Release;
		};
		C7B7E2F921B61EC8004F5D0D /* Debug */ = {
			isa = XCBuildConfiguration;
			buildSettings = {
				CODE_SIGN_STYLE = Automatic;
				PRODUCT_NAME = "$(TARGET_NAME)";
			};
			name = Debug;
		};
		C7B7E2FA21B61EC8004F5D0D /* Release */ = {
			isa = XCBuildConfiguration;
			buildSettings = {
				CODE_SIGN_STYLE = Automatic;
				PRODUCT_NAME = "$(TARGET_NAME)";
			};
			name = Release;
		};
/* End XCBuildConfiguration section */

/* Begin XCConfigurationList section */
		C7B7E2EC21B61EC8004F5D0D /* Build configuration list for PBXProject "assign11" */ = {
			isa = XCConfigurationList;
			buildConfigurations = (
				C7B7E2F621B61EC8004F5D0D /* Debug */,
				C7B7E2F721B61EC8004F5D0D /* Release */,
			);
			defaultConfigurationIsVisible = 0;
			defaultConfigurationName = Release;
		};
		C7B7E2F821B61EC8004F5D0D /* Build configuration list for PBXNativeTarget "assign11" */ = {
			isa = XCConfigurationList;
			buildConfigurations = (
				C7B7E2F921B61EC8004F5D0D /* Debug */,
				C7B7E2FA21B61EC8004F5D0D /* Release */,
			);
			defaultConfigurationIsVisible = 0;
			defaultConfigurationName = Release;
		};
/* End XCConfigurationList section */
	};
	rootObject = C7B7E2E921B61EC8004F5D0D /* Project object */;
}
