// !$*UTF8*$!
{
	archiveVersion = 1;
	classes = {
	};
	objectVersion = 50;
	objects = {

/* Begin PBXBuildFile section */
		C73A008D2177C44B0089030D /* goFish.cpp in Sources */ = {isa = PBXBuildFile; fileRef = C73A00832177C44A0089030D /* goFish.cpp */; };
		C73A008E2177C44B0089030D /* card.cpp in Sources */ = {isa = PBXBuildFile; fileRef = C73A00872177C44A0089030D /* card.cpp */; };
		C73A00902177C44B0089030D /* makefile in Sources */ = {isa = PBXBuildFile; fileRef = C73A00892177C44A0089030D /* makefile */; };
		C73A00912177C44B0089030D /* week05.cpp in Sources */ = {isa = PBXBuildFile; fileRef = C73A008C2177C44B0089030D /* week05.cpp */; };
/* End PBXBuildFile section */

/* Begin PBXCopyFilesBuildPhase section */
		C73A004C2176DDE50089030D /* CopyFiles */ = {
			isa = PBXCopyFilesBuildPhase;
			buildActionMask = 2147483647;
			dstPath = /usr/share/man/man1/;
			dstSubfolderSpec = 0;
			files = (
			);
			runOnlyForDeploymentPostprocessing = 1;
		};
/* End PBXCopyFilesBuildPhase section */

/* Begin PBXFileReference section */
		C73A004E2176DDE50089030D /* assign05 */ = {isa = PBXFileReference; explicitFileType = "compiled.mach-o.executable"; includeInIndex = 0; path = assign05; sourceTree = BUILT_PRODUCTS_DIR; };
		C73A00662176DE270089030D /* set.h */ = {isa = PBXFileReference; lastKnownFileType = sourcecode.c.h; path = set.h; sourceTree = "<group>"; };
		C73A00832177C44A0089030D /* goFish.cpp */ = {isa = PBXFileReference; fileEncoding = 4; lastKnownFileType = sourcecode.cpp.cpp; path = goFish.cpp; sourceTree = "<group>"; };
		C73A00842177C44A0089030D /* card.h */ = {isa = PBXFileReference; fileEncoding = 4; lastKnownFileType = sourcecode.c.h; path = card.h; sourceTree = "<group>"; };
		C73A00852177C44A0089030D /* card.cpp~ */ = {isa = PBXFileReference; fileEncoding = 4; lastKnownFileType = text; path = "card.cpp~"; sourceTree = "<group>"; };
		C73A00862177C44A0089030D /* hand.txt */ = {isa = PBXFileReference; fileEncoding = 4; lastKnownFileType = text; path = hand.txt; sourceTree = "<group>"; };
		C73A00872177C44A0089030D /* card.cpp */ = {isa = PBXFileReference; fileEncoding = 4; lastKnownFileType = sourcecode.cpp.cpp; path = card.cpp; sourceTree = "<group>"; };
		C73A00892177C44A0089030D /* makefile */ = {isa = PBXFileReference; fileEncoding = 4; lastKnownFileType = sourcecode.make; path = makefile; sourceTree = "<group>"; };
		C73A008A2177C44B0089030D /* goFish.h */ = {isa = PBXFileReference; fileEncoding = 4; lastKnownFileType = sourcecode.c.h; path = goFish.h; sourceTree = "<group>"; };
		C73A008B2177C44B0089030D /* week05.out */ = {isa = PBXFileReference; lastKnownFileType = file; path = week05.out; sourceTree = "<group>"; };
		C73A008C2177C44B0089030D /* week05.cpp */ = {isa = PBXFileReference; fileEncoding = 4; lastKnownFileType = sourcecode.cpp.cpp; path = week05.cpp; sourceTree = "<group>"; };
/* End PBXFileReference section */

/* Begin PBXFrameworksBuildPhase section */
		C73A004B2176DDE50089030D /* Frameworks */ = {
			isa = PBXFrameworksBuildPhase;
			buildActionMask = 2147483647;
			files = (
			);
			runOnlyForDeploymentPostprocessing = 0;
		};
/* End PBXFrameworksBuildPhase section */

/* Begin PBXGroup section */
		C73A00452176DDE40089030D = {
			isa = PBXGroup;
			children = (
				C73A00502176DDE50089030D /* assign05 */,
				C73A004F2176DDE50089030D /* Products */,
			);
			sourceTree = "<group>";
		};
		C73A004F2176DDE50089030D /* Products */ = {
			isa = PBXGroup;
			children = (
				C73A004E2176DDE50089030D /* assign05 */,
			);
			name = Products;
			sourceTree = "<group>";
		};
		C73A00502176DDE50089030D /* assign05 */ = {
			isa = PBXGroup;
			children = (
				C73A00872177C44A0089030D /* card.cpp */,
				C73A00852177C44A0089030D /* card.cpp~ */,
				C73A00842177C44A0089030D /* card.h */,
				C73A00832177C44A0089030D /* goFish.cpp */,
				C73A008A2177C44B0089030D /* goFish.h */,
				C73A00862177C44A0089030D /* hand.txt */,
				C73A00892177C44A0089030D /* makefile */,
				C73A008C2177C44B0089030D /* week05.cpp */,
				C73A008B2177C44B0089030D /* week05.out */,
				C73A00662176DE270089030D /* set.h */,
			);
			path = assign05;
			sourceTree = "<group>";
		};
/* End PBXGroup section */

/* Begin PBXNativeTarget section */
		C73A004D2176DDE50089030D /* assign05 */ = {
			isa = PBXNativeTarget;
			buildConfigurationList = C73A00552176DDE50089030D /* Build configuration list for PBXNativeTarget "assign05" */;
			buildPhases = (
				C73A004A2176DDE50089030D /* Sources */,
				C73A004B2176DDE50089030D /* Frameworks */,
				C73A004C2176DDE50089030D /* CopyFiles */,
			);
			buildRules = (
			);
			dependencies = (
			);
			name = assign05;
			productName = assign05;
			productReference = C73A004E2176DDE50089030D /* assign05 */;
			productType = "com.apple.product-type.tool";
		};
/* End PBXNativeTarget section */

/* Begin PBXProject section */
		C73A00462176DDE40089030D /* Project object */ = {
			isa = PBXProject;
			attributes = {
				LastUpgradeCheck = 1000;
				ORGANIZATIONNAME = "Chad Smith";
				TargetAttributes = {
					C73A004D2176DDE50089030D = {
						CreatedOnToolsVersion = 10.0;
					};
				};
			};
			buildConfigurationList = C73A00492176DDE40089030D /* Build configuration list for PBXProject "assign05" */;
			compatibilityVersion = "Xcode 9.3";
			developmentRegion = en;
			hasScannedForEncodings = 0;
			knownRegions = (
				en,
			);
			mainGroup = C73A00452176DDE40089030D;
			productRefGroup = C73A004F2176DDE50089030D /* Products */;
			projectDirPath = "";
			projectRoot = "";
			targets = (
				C73A004D2176DDE50089030D /* assign05 */,
			);
		};
/* End PBXProject section */

/* Begin PBXSourcesBuildPhase section */
		C73A004A2176DDE50089030D /* Sources */ = {
			isa = PBXSourcesBuildPhase;
			buildActionMask = 2147483647;
			files = (
				C73A008D2177C44B0089030D /* goFish.cpp in Sources */,
				C73A008E2177C44B0089030D /* card.cpp in Sources */,
				C73A00902177C44B0089030D /* makefile in Sources */,
				C73A00912177C44B0089030D /* week05.cpp in Sources */,
			);
			runOnlyForDeploymentPostprocessing = 0;
		};
/* End PBXSourcesBuildPhase section */

/* Begin XCBuildConfiguration section */
		C73A00532176DDE50089030D /* Debug */ = {
			isa = XCBuildConfiguration;
			buildSettings = {
				ALWAYS_SEARCH_USER_PATHS = NO;
				CLANG_ANALYZER_NONNULL = YES;
				CLANG_ANALYZER_NUMBER_OBJECT_CONVERSION = YES_AGGRESSIVE;
				CLANG_CXX_LANGUAGE_STANDARD = "gnu++14";
				CLANG_CXX_LIBRARY = "libc++";
				CLANG_ENABLE_MODULES = YES;
				CLANG_ENABLE_OBJC_ARC = YES;
				CLANG_ENABLE_OBJC_WEAK = YES;
				CLANG_WARN_BLOCK_CAPTURE_AUTORELEASING = YES;
				CLANG_WARN_BOOL_CONVERSION = YES;
				CLANG_WARN_COMMA = YES;
				CLANG_WARN_CONSTANT_CONVERSION = YES;
				CLANG_WARN_DEPRECATED_OBJC_IMPLEMENTATIONS = YES;
				CLANG_WARN_DIRECT_OBJC_ISA_USAGE = YES_ERROR;
				CLANG_WARN_DOCUMENTATION_COMMENTS = YES;
				CLANG_WARN_EMPTY_BODY = YES;
				CLANG_WARN_ENUM_CONVERSION = YES;
				CLANG_WARN_INFINITE_RECURSION = YES;
				CLANG_WARN_INT_CONVERSION = YES;
				CLANG_WARN_NON_LITERAL_NULL_CONVERSION = YES;
				CLANG_WARN_OBJC_IMPLICIT_RETAIN_SELF = YES;
				CLANG_WARN_OBJC_LITERAL_CONVERSION = YES;
				CLANG_WARN_OBJC_ROOT_CLASS = YES_ERROR;
				CLANG_WARN_RANGE_LOOP_ANALYSIS = YES;
				CLANG_WARN_STRICT_PROTOTYPES = YES;
				CLANG_WARN_SUSPICIOUS_MOVE = YES;
				CLANG_WARN_UNGUARDED_AVAILABILITY = YES_AGGRESSIVE;
				CLANG_WARN_UNREACHABLE_CODE = YES;
				CLANG_WARN__DUPLICATE_METHOD_MATCH = YES;
				CODE_SIGN_IDENTITY = "-";
				COPY_PHASE_STRIP = NO;
				DEBUG_INFORMATION_FORMAT = dwarf;
				ENABLE_STRICT_OBJC_MSGSEND = YES;
				ENABLE_TESTABILITY = YES;
				GCC_C_LANGUAGE_STANDARD = gnu11;
				GCC_DYNAMIC_NO_PIC = NO;
				GCC_NO_COMMON_BLOCKS = YES;
				GCC_OPTIMIZATION_LEVEL = 0;
				GCC_PREPROCESSOR_DEFINITIONS = (
					"DEBUG=1",
					"$(inherited)",
				);
				GCC_WARN_64_TO_32_BIT_CONVERSION = YES;
				GCC_WARN_ABOUT_RETURN_TYPE = YES_ERROR;
				GCC_WARN_UNDECLARED_SELECTOR = YES;
				GCC_WARN_UNINITIALIZED_AUTOS = YES_AGGRESSIVE;
				GCC_WARN_UNUSED_FUNCTION = YES;
				GCC_WARN_UNUSED_VARIABLE = YES;
				MACOSX_DEPLOYMENT_TARGET = 10.14;
				MTL_ENABLE_DEBUG_INFO = INCLUDE_SOURCE;
				MTL_FAST_MATH = YES;
				ONLY_ACTIVE_ARCH = YES;
				SDKROOT = macosx;
			};
			name = Debug;
		};
		C73A00542176DDE50089030D /* Release */ = {
			isa = XCBuildConfiguration;
			buildSettings = {
				ALWAYS_SEARCH_USER_PATHS = NO;
				CLANG_ANALYZER_NONNULL = YES;
				CLANG_ANALYZER_NUMBER_OBJECT_CONVERSION = YES_AGGRESSIVE;
				CLANG_CXX_LANGUAGE_STANDARD = "gnu++14";
				CLANG_CXX_LIBRARY = "libc++";
				CLANG_ENABLE_MODULES = YES;
				CLANG_ENABLE_OBJC_ARC = YES;
				CLANG_ENABLE_OBJC_WEAK = YES;
				CLANG_WARN_BLOCK_CAPTURE_AUTORELEASING = YES;
				CLANG_WARN_BOOL_CONVERSION = YES;
				CLANG_WARN_COMMA = YES;
				CLANG_WARN_CONSTANT_CONVERSION = YES;
				CLANG_WARN_DEPRECATED_OBJC_IMPLEMENTATIONS = YES;
				CLANG_WARN_DIRECT_OBJC_ISA_USAGE = YES_ERROR;
				CLANG_WARN_DOCUMENTATION_COMMENTS = YES;
				CLANG_WARN_EMPTY_BODY = YES;
				CLANG_WARN_ENUM_CONVERSION = YES;
				CLANG_WARN_INFINITE_RECURSION = YES;
				CLANG_WARN_INT_CONVERSION = YES;
				CLANG_WARN_NON_LITERAL_NULL_CONVERSION = YES;
				CLANG_WARN_OBJC_IMPLICIT_RETAIN_SELF = YES;
				CLANG_WARN_OBJC_LITERAL_CONVERSION = YES;
				CLANG_WARN_OBJC_ROOT_CLASS = YES_ERROR;
				CLANG_WARN_RANGE_LOOP_ANALYSIS = YES;
				CLANG_WARN_STRICT_PROTOTYPES = YES;
				CLANG_WARN_SUSPICIOUS_MOVE = YES;
				CLANG_WARN_UNGUARDED_AVAILABILITY = YES_AGGRESSIVE;
				CLANG_WARN_UNREACHABLE_CODE = YES;
				CLANG_WARN__DUPLICATE_METHOD_MATCH = YES;
				CODE_SIGN_IDENTITY = "-";
				COPY_PHASE_STRIP = NO;
				DEBUG_INFORMATION_FORMAT = "dwarf-with-dsym";
				ENABLE_NS_ASSERTIONS = NO;
				ENABLE_STRICT_OBJC_MSGSEND = YES;
				GCC_C_LANGUAGE_STANDARD = gnu11;
				GCC_NO_COMMON_BLOCKS = YES;
				GCC_WARN_64_TO_32_BIT_CONVERSION = YES;
				GCC_WARN_ABOUT_RETURN_TYPE = YES_ERROR;
				GCC_WARN_UNDECLARED_SELECTOR = YES;
				GCC_WARN_UNINITIALIZED_AUTOS = YES_AGGRESSIVE;
				GCC_WARN_UNUSED_FUNCTION = YES;
				GCC_WARN_UNUSED_VARIABLE = YES;
				MACOSX_DEPLOYMENT_TARGET = 10.14;
				MTL_ENABLE_DEBUG_INFO = NO;
				MTL_FAST_MATH = YES;
				SDKROOT = macosx;
			};
			name = Release;
		};
		C73A00562176DDE50089030D /* Debug */ = {
			isa = XCBuildConfiguration;
			buildSettings = {
				CODE_SIGN_STYLE = Automatic;
				PRODUCT_NAME = "$(TARGET_NAME)";
			};
			name = Debug;
		};
		C73A00572176DDE50089030D /* Release */ = {
			isa = XCBuildConfiguration;
			buildSettings = {
				CODE_SIGN_STYLE = Automatic;
				PRODUCT_NAME = "$(TARGET_NAME)";
			};
			name = Release;
		};
/* End XCBuildConfiguration section */

/* Begin XCConfigurationList section */
		C73A00492176DDE40089030D /* Build configuration list for PBXProject "assign05" */ = {
			isa = XCConfigurationList;
			buildConfigurations = (
				C73A00532176DDE50089030D /* Debug */,
				C73A00542176DDE50089030D /* Release */,
			);
			defaultConfigurationIsVisible = 0;
			defaultConfigurationName = Release;
		};
		C73A00552176DDE50089030D /* Build configuration list for PBXNativeTarget "assign05" */ = {
			isa = XCConfigurationList;
			buildConfigurations = (
				C73A00562176DDE50089030D /* Debug */,
				C73A00572176DDE50089030D /* Release */,
			);
			defaultConfigurationIsVisible = 0;
			defaultConfigurationName = Release;
		};
/* End XCConfigurationList section */
	};
	rootObject = C73A00462176DDE40089030D /* Project object */;
}
